// !$*UTF8*$!
{
	archiveVersion = 1;
	classes = {
	};
	objectVersion = 46;
	objects = {

/* Begin PBXBuildFile section */
		9C5570741B025B00009F5DD0 /* english.txt in Resources */ = {isa = PBXBuildFile; fileRef = 9C5570721B025B00009F5DD0 /* english.txt */; };
		9C5570761B0369C5009F5DD0 /* SettingsViewController.swift in Sources */ = {isa = PBXBuildFile; fileRef = 9C5570751B0369C5009F5DD0 /* SettingsViewController.swift */; };
		9C5570781B0389D4009F5DD0 /* dutch.txt in Resources */ = {isa = PBXBuildFile; fileRef = 9C5570771B0389D4009F5DD0 /* dutch.txt */; };
		9C6544181AF2850800DB4951 /* NewGameViewController.swift in Sources */ = {isa = PBXBuildFile; fileRef = 9C6544171AF2850800DB4951 /* NewGameViewController.swift */; };
		9C65441A1AF3A04700DB4951 /* FinshedGameViewController.swift in Sources */ = {isa = PBXBuildFile; fileRef = 9C6544191AF3A04700DB4951 /* FinshedGameViewController.swift */; };
		9C6544201AFBB3E100DB4951 /* HomePageViewController.swift in Sources */ = {isa = PBXBuildFile; fileRef = 9C65441F1AFBB3E100DB4951 /* HomePageViewController.swift */; };
		9C6544221AFBC59900DB4951 /* ChoosePlayerViewController.swift in Sources */ = {isa = PBXBuildFile; fileRef = 9C6544211AFBC59900DB4951 /* ChoosePlayerViewController.swift */; };
		9C6544241AFBC9C700DB4951 /* Player.swift in Sources */ = {isa = PBXBuildFile; fileRef = 9C6544231AFBC9C700DB4951 /* Player.swift */; };
		9C75E5781ADBD64600A64C02 /* AppDelegate.swift in Sources */ = {isa = PBXBuildFile; fileRef = 9C75E5771ADBD64600A64C02 /* AppDelegate.swift */; };
		9C75E57A1ADBD64600A64C02 /* GamePlayViewController.swift in Sources */ = {isa = PBXBuildFile; fileRef = 9C75E5791ADBD64600A64C02 /* GamePlayViewController.swift */; };
		9C75E57D1ADBD64600A64C02 /* Main.storyboard in Resources */ = {isa = PBXBuildFile; fileRef = 9C75E57B1ADBD64600A64C02 /* Main.storyboard */; };
		9C75E57F1ADBD64600A64C02 /* Images.xcassets in Resources */ = {isa = PBXBuildFile; fileRef = 9C75E57E1ADBD64600A64C02 /* Images.xcassets */; };
		9C75E5821ADBD64600A64C02 /* LaunchScreen.xib in Resources */ = {isa = PBXBuildFile; fileRef = 9C75E5801ADBD64600A64C02 /* LaunchScreen.xib */; };
		9C75E58E1ADBD64600A64C02 /* GhostTests.swift in Sources */ = {isa = PBXBuildFile; fileRef = 9C75E58D1ADBD64600A64C02 /* GhostTests.swift */; };
		9C75E5981ADBD65A00A64C02 /* Dictionary.swift in Sources */ = {isa = PBXBuildFile; fileRef = 9C75E5971ADBD65A00A64C02 /* Dictionary.swift */; };
		9C75E59A1ADBD66400A64C02 /* Game.swift in Sources */ = {isa = PBXBuildFile; fileRef = 9C75E5991ADBD66400A64C02 /* Game.swift */; };
		9C77AB691AFE3B2E00DDD404 /* Settings.swift in Sources */ = {isa = PBXBuildFile; fileRef = 9C77AB681AFE3B2E00DDD404 /* Settings.swift */; };
		9C77AB6B1AFE449600DDD404 /* AddPlayerViewController.swift in Sources */ = {isa = PBXBuildFile; fileRef = 9C77AB6A1AFE449600DDD404 /* AddPlayerViewController.swift */; };
		9C77AB6D1B00D23E00DDD404 /* HighscoreViewController.swift in Sources */ = {isa = PBXBuildFile; fileRef = 9C77AB6C1B00D23E00DDD404 /* HighscoreViewController.swift */; };
		9C77AB6F1B00D54900DDD404 /* HighscoreList.swift in Sources */ = {isa = PBXBuildFile; fileRef = 9C77AB6E1B00D54900DDD404 /* HighscoreList.swift */; };
/* End PBXBuildFile section */

/* Begin PBXContainerItemProxy section */
		9C75E5881ADBD64600A64C02 /* PBXContainerItemProxy */ = {
			isa = PBXContainerItemProxy;
			containerPortal = 9C75E56A1ADBD64500A64C02 /* Project object */;
			proxyType = 1;
			remoteGlobalIDString = 9C75E5711ADBD64600A64C02;
			remoteInfo = Ghost;
		};
/* End PBXContainerItemProxy section */

/* Begin PBXFileReference section */
		9C5570721B025B00009F5DD0 /* english.txt */ = {isa = PBXFileReference; fileEncoding = 4; lastKnownFileType = text; path = english.txt; sourceTree = "<group>"; };
		9C5570751B0369C5009F5DD0 /* SettingsViewController.swift */ = {isa = PBXFileReference; fileEncoding = 4; lastKnownFileType = sourcecode.swift; path = SettingsViewController.swift; sourceTree = "<group>"; };
		9C5570771B0389D4009F5DD0 /* dutch.txt */ = {isa = PBXFileReference; fileEncoding = 4; lastKnownFileType = text; path = dutch.txt; sourceTree = "<group>"; };
		9C6544171AF2850800DB4951 /* NewGameViewController.swift */ = {isa = PBXFileReference; fileEncoding = 4; lastKnownFileType = sourcecode.swift; name = NewGameViewController.swift; path = ../NewGameViewController.swift; sourceTree = "<group>"; };
		9C6544191AF3A04700DB4951 /* FinshedGameViewController.swift */ = {isa = PBXFileReference; fileEncoding = 4; lastKnownFileType = sourcecode.swift; path = FinshedGameViewController.swift; sourceTree = "<group>"; };
		9C65441F1AFBB3E100DB4951 /* HomePageViewController.swift */ = {isa = PBXFileReference; fileEncoding = 4; lastKnownFileType = sourcecode.swift; path = HomePageViewController.swift; sourceTree = "<group>"; };
		9C6544211AFBC59900DB4951 /* ChoosePlayerViewController.swift */ = {isa = PBXFileReference; fileEncoding = 4; lastKnownFileType = sourcecode.swift; path = ChoosePlayerViewController.swift; sourceTree = "<group>"; };
		9C6544231AFBC9C700DB4951 /* Player.swift */ = {isa = PBXFileReference; fileEncoding = 4; lastKnownFileType = sourcecode.swift; path = Player.swift; sourceTree = "<group>"; };
		9C75E5721ADBD64600A64C02 /* Ghost.app */ = {isa = PBXFileReference; explicitFileType = wrapper.application; includeInIndex = 0; path = Ghost.app; sourceTree = BUILT_PRODUCTS_DIR; };
		9C75E5761ADBD64600A64C02 /* Info.plist */ = {isa = PBXFileReference; lastKnownFileType = text.plist.xml; path = Info.plist; sourceTree = "<group>"; };
		9C75E5771ADBD64600A64C02 /* AppDelegate.swift */ = {isa = PBXFileReference; lastKnownFileType = sourcecode.swift; path = AppDelegate.swift; sourceTree = "<group>"; };
		9C75E5791ADBD64600A64C02 /* GamePlayViewController.swift */ = {isa = PBXFileReference; lastKnownFileType = sourcecode.swift; path = GamePlayViewController.swift; sourceTree = "<group>"; };
		9C75E57C1ADBD64600A64C02 /* Base */ = {isa = PBXFileReference; lastKnownFileType = file.storyboard; name = Base; path = Base.lproj/Main.storyboard; sourceTree = "<group>"; };
		9C75E57E1ADBD64600A64C02 /* Images.xcassets */ = {isa = PBXFileReference; lastKnownFileType = folder.assetcatalog; path = Images.xcassets; sourceTree = "<group>"; };
		9C75E5811ADBD64600A64C02 /* Base */ = {isa = PBXFileReference; lastKnownFileType = file.xib; name = Base; path = Base.lproj/LaunchScreen.xib; sourceTree = "<group>"; };
		9C75E5871ADBD64600A64C02 /* GhostTests.xctest */ = {isa = PBXFileReference; explicitFileType = wrapper.cfbundle; includeInIndex = 0; path = GhostTests.xctest; sourceTree = BUILT_PRODUCTS_DIR; };
		9C75E58C1ADBD64600A64C02 /* Info.plist */ = {isa = PBXFileReference; lastKnownFileType = text.plist.xml; path = Info.plist; sourceTree = "<group>"; };
		9C75E58D1ADBD64600A64C02 /* GhostTests.swift */ = {isa = PBXFileReference; lastKnownFileType = sourcecode.swift; path = GhostTests.swift; sourceTree = "<group>"; };
		9C75E5971ADBD65A00A64C02 /* Dictionary.swift */ = {isa = PBXFileReference; fileEncoding = 4; lastKnownFileType = sourcecode.swift; path = Dictionary.swift; sourceTree = "<group>"; };
		9C75E5991ADBD66400A64C02 /* Game.swift */ = {isa = PBXFileReference; fileEncoding = 4; lastKnownFileType = sourcecode.swift; path = Game.swift; sourceTree = "<group>"; };
		9C77AB681AFE3B2E00DDD404 /* Settings.swift */ = {isa = PBXFileReference; fileEncoding = 4; lastKnownFileType = sourcecode.swift; path = Settings.swift; sourceTree = "<group>"; };
		9C77AB6A1AFE449600DDD404 /* AddPlayerViewController.swift */ = {isa = PBXFileReference; fileEncoding = 4; lastKnownFileType = sourcecode.swift; path = AddPlayerViewController.swift; sourceTree = "<group>"; };
		9C77AB6C1B00D23E00DDD404 /* HighscoreViewController.swift */ = {isa = PBXFileReference; fileEncoding = 4; lastKnownFileType = sourcecode.swift; path = HighscoreViewController.swift; sourceTree = "<group>"; };
		9C77AB6E1B00D54900DDD404 /* HighscoreList.swift */ = {isa = PBXFileReference; fileEncoding = 4; lastKnownFileType = sourcecode.swift; path = HighscoreList.swift; sourceTree = "<group>"; };
/* End PBXFileReference section */

/* Begin PBXFrameworksBuildPhase section */
		9C75E56F1ADBD64600A64C02 /* Frameworks */ = {
			isa = PBXFrameworksBuildPhase;
			buildActionMask = 2147483647;
			files = (
			);
			runOnlyForDeploymentPostprocessing = 0;
		};
		9C75E5841ADBD64600A64C02 /* Frameworks */ = {
			isa = PBXFrameworksBuildPhase;
			buildActionMask = 2147483647;
			files = (
			);
			runOnlyForDeploymentPostprocessing = 0;
		};
/* End PBXFrameworksBuildPhase section */

/* Begin PBXGroup section */
		9C75E5691ADBD64500A64C02 = {
			isa = PBXGroup;
			children = (
				9C75E5741ADBD64600A64C02 /* Ghost */,
				9C75E58A1ADBD64600A64C02 /* GhostTests */,
				9C75E5731ADBD64600A64C02 /* Products */,
			);
			sourceTree = "<group>";
		};
		9C75E5731ADBD64600A64C02 /* Products */ = {
			isa = PBXGroup;
			children = (
				9C75E5721ADBD64600A64C02 /* Ghost.app */,
				9C75E5871ADBD64600A64C02 /* GhostTests.xctest */,
			);
			name = Products;
			sourceTree = "<group>";
		};
		9C75E5741ADBD64600A64C02 /* Ghost */ = {
			isa = PBXGroup;
			children = (
				9C5570771B0389D4009F5DD0 /* dutch.txt */,
				9C5570721B025B00009F5DD0 /* english.txt */,
				9C75E57B1ADBD64600A64C02 /* Main.storyboard */,
				9C65441F1AFBB3E100DB4951 /* HomePageViewController.swift */,
				9C5570751B0369C5009F5DD0 /* SettingsViewController.swift */,
				9C6544171AF2850800DB4951 /* NewGameViewController.swift */,
				9C6544211AFBC59900DB4951 /* ChoosePlayerViewController.swift */,
				9C75E5791ADBD64600A64C02 /* GamePlayViewController.swift */,
				9C6544191AF3A04700DB4951 /* FinshedGameViewController.swift */,
				9C77AB6C1B00D23E00DDD404 /* HighscoreViewController.swift */,
				9C77AB6A1AFE449600DDD404 /* AddPlayerViewController.swift */,
				9C75E5751ADBD64600A64C02 /* Supporting Files */,
				9C77AB6E1B00D54900DDD404 /* HighscoreList.swift */,
				9C6544231AFBC9C700DB4951 /* Player.swift */,
				9C75E5971ADBD65A00A64C02 /* Dictionary.swift */,
				9C75E5991ADBD66400A64C02 /* Game.swift */,
				9C77AB681AFE3B2E00DDD404 /* Settings.swift */,
			);
			path = Ghost;
			sourceTree = "<group>";
		};
		9C75E5751ADBD64600A64C02 /* Supporting Files */ = {
			isa = PBXGroup;
			children = (
				9C75E5771ADBD64600A64C02 /* AppDelegate.swift */,
				9C75E57E1ADBD64600A64C02 /* Images.xcassets */,
				9C75E5801ADBD64600A64C02 /* LaunchScreen.xib */,
				9C75E5761ADBD64600A64C02 /* Info.plist */,
			);
			name = "Supporting Files";
			sourceTree = "<group>";
		};
		9C75E58A1ADBD64600A64C02 /* GhostTests */ = {
			isa = PBXGroup;
			children = (
				9C75E58D1ADBD64600A64C02 /* GhostTests.swift */,
				9C75E58B1ADBD64600A64C02 /* Supporting Files */,
			);
			path = GhostTests;
			sourceTree = "<group>";
		};
		9C75E58B1ADBD64600A64C02 /* Supporting Files */ = {
			isa = PBXGroup;
			children = (
				9C75E58C1ADBD64600A64C02 /* Info.plist */,
			);
			name = "Supporting Files";
			sourceTree = "<group>";
		};
/* End PBXGroup section */

/* Begin PBXNativeTarget section */
		9C75E5711ADBD64600A64C02 /* Ghost */ = {
			isa = PBXNativeTarget;
			buildConfigurationList = 9C75E5911ADBD64600A64C02 /* Build configuration list for PBXNativeTarget "Ghost" */;
			buildPhases = (
				9C75E56E1ADBD64600A64C02 /* Sources */,
				9C75E56F1ADBD64600A64C02 /* Frameworks */,
				9C75E5701ADBD64600A64C02 /* Resources */,
			);
			buildRules = (
			);
			dependencies = (
			);
			name = Ghost;
			productName = Ghost;
			productReference = 9C75E5721ADBD64600A64C02 /* Ghost.app */;
			productType = "com.apple.product-type.application";
		};
		9C75E5861ADBD64600A64C02 /* GhostTests */ = {
			isa = PBXNativeTarget;
			buildConfigurationList = 9C75E5941ADBD64600A64C02 /* Build configuration list for PBXNativeTarget "GhostTests" */;
			buildPhases = (
				9C75E5831ADBD64600A64C02 /* Sources */,
				9C75E5841ADBD64600A64C02 /* Frameworks */,
				9C75E5851ADBD64600A64C02 /* Resources */,
			);
			buildRules = (
			);
			dependencies = (
				9C75E5891ADBD64600A64C02 /* PBXTargetDependency */,
			);
			name = GhostTests;
			productName = GhostTests;
			productReference = 9C75E5871ADBD64600A64C02 /* GhostTests.xctest */;
			productType = "com.apple.product-type.bundle.unit-test";
		};
/* End PBXNativeTarget section */

/* Begin PBXProject section */
		9C75E56A1ADBD64500A64C02 /* Project object */ = {
			isa = PBXProject;
			attributes = {
				LastUpgradeCheck = 0620;
				ORGANIZATIONNAME = "Aron Hammond";
				TargetAttributes = {
					9C75E5711ADBD64600A64C02 = {
						CreatedOnToolsVersion = 6.2;
					};
					9C75E5861ADBD64600A64C02 = {
						CreatedOnToolsVersion = 6.2;
						TestTargetID = 9C75E5711ADBD64600A64C02;
					};
				};
			};
			buildConfigurationList = 9C75E56D1ADBD64500A64C02 /* Build configuration list for PBXProject "Ghost" */;
			compatibilityVersion = "Xcode 3.2";
			developmentRegion = English;
			hasScannedForEncodings = 0;
			knownRegions = (
				en,
				Base,
			);
			mainGroup = 9C75E5691ADBD64500A64C02;
			productRefGroup = 9C75E5731ADBD64600A64C02 /* Products */;
			projectDirPath = "";
			projectRoot = "";
			targets = (
				9C75E5711ADBD64600A64C02 /* Ghost */,
				9C75E5861ADBD64600A64C02 /* GhostTests */,
			);
		};
/* End PBXProject section */

/* Begin PBXResourcesBuildPhase section */
		9C75E5701ADBD64600A64C02 /* Resources */ = {
			isa = PBXResourcesBuildPhase;
			buildActionMask = 2147483647;
			files = (
				9C75E57D1ADBD64600A64C02 /* Main.storyboard in Resources */,
				9C5570781B0389D4009F5DD0 /* dutch.txt in Resources */,
				9C5570741B025B00009F5DD0 /* english.txt in Resources */,
				9C75E5821ADBD64600A64C02 /* LaunchScreen.xib in Resources */,
				9C75E57F1ADBD64600A64C02 /* Images.xcassets in Resources */,
			);
			runOnlyForDeploymentPostprocessing = 0;
		};
		9C75E5851ADBD64600A64C02 /* Resources */ = {
			isa = PBXResourcesBuildPhase;
			buildActionMask = 2147483647;
			files = (
			);
			runOnlyForDeploymentPostprocessing = 0;
		};
/* End PBXResourcesBuildPhase section */

/* Begin PBXSourcesBuildPhase section */
		9C75E56E1ADBD64600A64C02 /* Sources */ = {
			isa = PBXSourcesBuildPhase;
			buildActionMask = 2147483647;
			files = (
				9C6544221AFBC59900DB4951 /* ChoosePlayerViewController.swift in Sources */,
				9C65441A1AF3A04700DB4951 /* FinshedGameViewController.swift in Sources */,
				9C6544201AFBB3E100DB4951 /* HomePageViewController.swift in Sources */,
				9C77AB6F1B00D54900DDD404 /* HighscoreList.swift in Sources */,
				9C77AB6D1B00D23E00DDD404 /* HighscoreViewController.swift in Sources */,
				9C75E57A1ADBD64600A64C02 /* GamePlayViewController.swift in Sources */,
				9C77AB691AFE3B2E00DDD404 /* Settings.swift in Sources */,
				9C75E5781ADBD64600A64C02 /* AppDelegate.swift in Sources */,
				9C6544181AF2850800DB4951 /* NewGameViewController.swift in Sources */,
				9C5570761B0369C5009F5DD0 /* SettingsViewController.swift in Sources */,
				9C77AB6B1AFE449600DDD404 /* AddPlayerViewController.swift in Sources */,
				9C75E5981ADBD65A00A64C02 /* Dictionary.swift in Sources */,
				9C6544241AFBC9C700DB4951 /* Player.swift in Sources */,
				9C75E59A1ADBD66400A64C02 /* Game.swift in Sources */,
			);
			runOnlyForDeploymentPostprocessing = 0;
		};
		9C75E5831ADBD64600A64C02 /* Sources */ = {
			isa = PBXSourcesBuildPhase;
			buildActionMask = 2147483647;
			files = (
				9C75E58E1ADBD64600A64C02 /* GhostTests.swift in Sources */,
			);
			runOnlyForDeploymentPostprocessing = 0;
		};
/* End PBXSourcesBuildPhase section */

/* Begin PBXTargetDependency section */
		9C75E5891ADBD64600A64C02 /* PBXTargetDependency */ = {
			isa = PBXTargetDependency;
			target = 9C75E5711ADBD64600A64C02 /* Ghost */;
			targetProxy = 9C75E5881ADBD64600A64C02 /* PBXContainerItemProxy */;
		};
/* End PBXTargetDependency section */

/* Begin PBXVariantGroup section */
		9C75E57B1ADBD64600A64C02 /* Main.storyboard */ = {
			isa = PBXVariantGroup;
			children = (
				9C75E57C1ADBD64600A64C02 /* Base */,
			);
			name = Main.storyboard;
			sourceTree = "<group>";
		};
		9C75E5801ADBD64600A64C02 /* LaunchScreen.xib */ = {
			isa = PBXVariantGroup;
			children = (
				9C75E5811ADBD64600A64C02 /* Base */,
			);
			name = LaunchScreen.xib;
			sourceTree = "<group>";
		};
/* End PBXVariantGroup section */

/* Begin XCBuildConfiguration section */
		9C75E58F1ADBD64600A64C02 /* Debug */ = {
			isa = XCBuildConfiguration;
			buildSettings = {
				ALWAYS_SEARCH_USER_PATHS = NO;
				CLANG_CXX_LANGUAGE_STANDARD = "gnu++0x";
				CLANG_CXX_LIBRARY = "libc++";
				CLANG_ENABLE_MODULES = YES;
				CLANG_ENABLE_OBJC_ARC = YES;
				CLANG_WARN_BOOL_CONVERSION = YES;
				CLANG_WARN_CONSTANT_CONVERSION = YES;
				CLANG_WARN_DIRECT_OBJC_ISA_USAGE = YES_ERROR;
				CLANG_WARN_EMPTY_BODY = YES;
				CLANG_WARN_ENUM_CONVERSION = YES;
				CLANG_WARN_INT_CONVERSION = YES;
				CLANG_WARN_OBJC_ROOT_CLASS = YES_ERROR;
				CLANG_WARN_UNREACHABLE_CODE = YES;
				CLANG_WARN__DUPLICATE_METHOD_MATCH = YES;
				"CODE_SIGN_IDENTITY[sdk=iphoneos*]" = "iPhone Developer";
				COPY_PHASE_STRIP = NO;
				ENABLE_STRICT_OBJC_MSGSEND = YES;
				GCC_C_LANGUAGE_STANDARD = gnu99;
				GCC_DYNAMIC_NO_PIC = NO;
				GCC_OPTIMIZATION_LEVEL = 0;
				GCC_PREPROCESSOR_DEFINITIONS = (
					"DEBUG=1",
					"$(inherited)",
				);
				GCC_SYMBOLS_PRIVATE_EXTERN = NO;
				GCC_WARN_64_TO_32_BIT_CONVERSION = YES;
				GCC_WARN_ABOUT_RETURN_TYPE = YES_ERROR;
				GCC_WARN_UNDECLARED_SELECTOR = YES;
				GCC_WARN_UNINITIALIZED_AUTOS = YES_AGGRESSIVE;
				GCC_WARN_UNUSED_FUNCTION = YES;
				GCC_WARN_UNUSED_VARIABLE = YES;
				IPHONEOS_DEPLOYMENT_TARGET = 8.2;
				MTL_ENABLE_DEBUG_INFO = YES;
				ONLY_ACTIVE_ARCH = YES;
				SDKROOT = iphoneos;
				SWIFT_OPTIMIZATION_LEVEL = "-Onone";
				TARGETED_DEVICE_FAMILY = "1,2";
			};
			name = Debug;
		};
		9C75E5901ADBD64600A64C02 /* Release */ = {
			isa = XCBuildConfiguration;
			buildSettings = {
				ALWAYS_SEARCH_USER_PATHS = NO;
				CLANG_CXX_LANGUAGE_STANDARD = "gnu++0x";
				CLANG_CXX_LIBRARY = "libc++";
				CLANG_ENABLE_MODULES = YES;
				CLANG_ENABLE_OBJC_ARC = YES;
				CLANG_WARN_BOOL_CONVERSION = YES;
				CLANG_WARN_CONSTANT_CONVERSION = YES;
				CLANG_WARN_DIRECT_OBJC_ISA_USAGE = YES_ERROR;
				CLANG_WARN_EMPTY_BODY = YES;
				CLANG_WARN_ENUM_CONVERSION = YES;
				CLANG_WARN_INT_CONVERSION = YES;
				CLANG_WARN_OBJC_ROOT_CLASS = YES_ERROR;
				CLANG_WARN_UNREACHABLE_CODE = YES;
				CLANG_WARN__DUPLICATE_METHOD_MATCH = YES;
				"CODE_SIGN_IDENTITY[sdk=iphoneos*]" = "iPhone Developer";
				COPY_PHASE_STRIP = NO;
				ENABLE_NS_ASSERTIONS = NO;
				ENABLE_STRICT_OBJC_MSGSEND = YES;
				GCC_C_LANGUAGE_STANDARD = gnu99;
				GCC_WARN_64_TO_32_BIT_CONVERSION = YES;
				GCC_WARN_ABOUT_RETURN_TYPE = YES_ERROR;
				GCC_WARN_UNDECLARED_SELECTOR = YES;
				GCC_WARN_UNINITIALIZED_AUTOS = YES_AGGRESSIVE;
				GCC_WARN_UNUSED_FUNCTION = YES;
				GCC_WARN_UNUSED_VARIABLE = YES;
				IPHONEOS_DEPLOYMENT_TARGET = 8.2;
				MTL_ENABLE_DEBUG_INFO = NO;
				SDKROOT = iphoneos;
				TARGETED_DEVICE_FAMILY = "1,2";
				VALIDATE_PRODUCT = YES;
			};
			name = Release;
		};
		9C75E5921ADBD64600A64C02 /* Debug */ = {
			isa = XCBuildConfiguration;
			buildSettings = {
				ASSETCATALOG_COMPILER_APPICON_NAME = AppIcon;
				INFOPLIST_FILE = Ghost/Info.plist;
				LD_RUNPATH_SEARCH_PATHS = "$(inherited) @executable_path/Frameworks";
				PRODUCT_NAME = "$(TARGET_NAME)";
			};
			name = Debug;
		};
		9C75E5931ADBD64600A64C02 /* Release */ = {
			isa = XCBuildConfiguration;
			buildSettings = {
				ASSETCATALOG_COMPILER_APPICON_NAME = AppIcon;
				INFOPLIST_FILE = Ghost/Info.plist;
				LD_RUNPATH_SEARCH_PATHS = "$(inherited) @executable_path/Frameworks";
				PRODUCT_NAME = "$(TARGET_NAME)";
			};
			name = Release;
		};
		9C75E5951ADBD64600A64C02 /* Debug */ = {
			isa = XCBuildConfiguration;
			buildSettings = {
				BUNDLE_LOADER = "$(TEST_HOST)";
				FRAMEWORK_SEARCH_PATHS = (
					"$(SDKROOT)/Developer/Library/Frameworks",
					"$(inherited)",
				);
				GCC_PREPROCESSOR_DEFINITIONS = (
					"DEBUG=1",
					"$(inherited)",
				);
				INFOPLIST_FILE = GhostTests/Info.plist;
				LD_RUNPATH_SEARCH_PATHS = "$(inherited) @executable_path/Frameworks @loader_path/Frameworks";
				PRODUCT_NAME = "$(TARGET_NAME)";
				TEST_HOST = "$(BUILT_PRODUCTS_DIR)/Ghost.app/Ghost";
			};
			name = Debug;
		};
		9C75E5961ADBD64600A64C02 /* Release */ = {
			isa = XCBuildConfiguration;
			buildSettings = {
				BUNDLE_LOADER = "$(TEST_HOST)";
				FRAMEWORK_SEARCH_PATHS = (
					"$(SDKROOT)/Developer/Library/Frameworks",
					"$(inherited)",
				);
				INFOPLIST_FILE = GhostTests/Info.plist;
				LD_RUNPATH_SEARCH_PATHS = "$(inherited) @executable_path/Frameworks @loader_path/Frameworks";
				PRODUCT_NAME = "$(TARGET_NAME)";
				TEST_HOST = "$(BUILT_PRODUCTS_DIR)/Ghost.app/Ghost";
			};
			name = Release;
		};
/* End XCBuildConfiguration section */

/* Begin XCConfigurationList section */
		9C75E56D1ADBD64500A64C02 /* Build configuration list for PBXProject "Ghost" */ = {
			isa = XCConfigurationList;
			buildConfigurations = (
				9C75E58F1ADBD64600A64C02 /* Debug */,
				9C75E5901ADBD64600A64C02 /* Release */,
			);
			defaultConfigurationIsVisible = 0;
			defaultConfigurationName = Release;
		};
		9C75E5911ADBD64600A64C02 /* Build configuration list for PBXNativeTarget "Ghost" */ = {
			isa = XCConfigurationList;
			buildConfigurations = (
				9C75E5921ADBD64600A64C02 /* Debug */,
				9C75E5931ADBD64600A64C02 /* Release */,
			);
			defaultConfigurationIsVisible = 0;
			defaultConfigurationName = Release;
		};
		9C75E5941ADBD64600A64C02 /* Build configuration list for PBXNativeTarget "GhostTests" */ = {
			isa = XCConfigurationList;
			buildConfigurations = (
				9C75E5951ADBD64600A64C02 /* Debug */,
				9C75E5961ADBD64600A64C02 /* Release */,
			);
			defaultConfigurationIsVisible = 0;
			defaultConfigurationName = Release;
		};
/* End XCConfigurationList section */
	};
	rootObject = 9C75E56A1ADBD64500A64C02 /* Project object */;
}
